
Microsoft Visual Studio Solution File, Format Version 12.00
# Visual Studio 15
VisualStudioVersion = 15.0.27130.2003
MinimumVisualStudioVersion = 10.0.40219.1
Project("{FAE04EC0-301F-11D3-BF4B-00C04F79EFBC}") = "Classes", "Classes\Classes.csproj", "{D7A5C9E1-787F-49C2-A797-9906D61FE0C1}"
EndProject
Project("{FAE04EC0-301F-11D3-BF4B-00C04F79EFBC}") = "Utilities", "Utilities\Utilities.csproj", "{1265A275-9C94-4737-B780-9C378F3651D4}"
EndProject
Project("{FAE04EC0-301F-11D3-BF4B-00C04F79EFBC}") = "ConsoleTest", "ConsoleTest\ConsoleTest.csproj", "{E02FF50B-DE1D-47A9-B44A-B3A33FE6683A}"
EndProject
Project("{2150E333-8FDC-42A3-9474-1A3956D46DE8}") = "!Solution Items", "!Solution Items", "{5977F10B-C393-4A82-BD1C-5F2B80F3AD23}"
	ProjectSection(SolutionItems) = preProject
		References.txt = References.txt
	EndProjectSection
EndProject
Project("{2150E333-8FDC-42A3-9474-1A3956D46DE8}") = "Resources", "Resources", "{5C69B948-E171-4A2E-BFB3-17C3D0B391B6}"
	ProjectSection(SolutionItems) = preProject
		Resources\Black.png = Resources\Black.png
		Resources\Blue.png = Resources\Blue.png
		Resources\Brown.png = Resources\Brown.png
		Resources\Green.png = Resources\Green.png
		Resources\human.png = Resources\human.png
		Resources\judo-belt-grade-colours.png = Resources\judo-belt-grade-colours.png
		Resources\Orange.png = Resources\Orange.png
		Resources\White.png = Resources\White.png
		Resources\Yellow.png = Resources\Yellow.png
	EndProjectSection
EndProject
Project("{2150E333-8FDC-42A3-9474-1A3956D46DE8}") = "Test", "Test", "{3601E47A-CEF7-4580-9168-BF574AAF80F8}"
EndProject
Project("{FAE04EC0-301F-11D3-BF4B-00C04F79EFBC}") = "GUITest", "GUITest\GUITest.csproj", "{63EF181D-3EB5-4CB7-AB2C-0CAD1B2ADFB8}"
EndProject
Project("{2150E333-8FDC-42A3-9474-1A3956D46DE8}") = "Routine", "Routine", "{A1E1CAD9-CB0B-4847-9FD4-ACDBA3F03699}"
EndProject
Project("{2150E333-8FDC-42A3-9474-1A3956D46DE8}") = "Tournaments", "Tournaments", "{15C64140-EAFD-4456-8007-B02F139B36A4}"
EndProject
Project("{2150E333-8FDC-42A3-9474-1A3956D46DE8}") = "Administration", "Administration", "{EEDBA6E8-E557-44B5-9701-066C8D5ED89F}"
EndProject
Project("{2150E333-8FDC-42A3-9474-1A3956D46DE8}") = "GUI", "GUI", "{B27C6A6E-41CC-4871-9AB5-B71ED349FBB3}"
EndProject
Project("{2150E333-8FDC-42A3-9474-1A3956D46DE8}") = "Data", "Data", "{34807BFE-46EF-473D-B5D5-0A85E0F41426}"
	ProjectSection(SolutionItems) = preProject
		Data\2014 Rockingham Open Registrations.xlsx = Data\2014 Rockingham Open Registrations.xlsx
		Data\2016 Rockingham Open Round Robin 2 Pool.docx = Data\2016 Rockingham Open Round Robin 2 Pool.docx
		Data\2016_Entrants.csv = Data\2016_Entrants.csv
		Data\Categories.xml = Data\Categories.xml
		Data\EntrantExport2016RockinghamOpenJudoChampionships_2510_231249 2.xls = Data\EntrantExport2016RockinghamOpenJudoChampionships_2510_231249 2.xls
		Data\EntrantExport2017JudoWAOpen_2909_174115.csv = Data\EntrantExport2017JudoWAOpen_2909_174115.csv
		Data\EntrantExport2017SouthWestJudoChampionships_1210_102954.csv = Data\EntrantExport2017SouthWestJudoChampionships_1210_102954.csv
		Data\EntrantExport2017SouthWestJudoChampionships_2710_104550.csv = Data\EntrantExport2017SouthWestJudoChampionships_2710_104550.csv
		Data\Female Categories.xml = Data\Female Categories.xml
		Data\Male Categories.xml = Data\Male Categories.xml
		Utilities\Shisutemu.mdf = Utilities\Shisutemu.mdf
	EndProjectSection
EndProject
Project("{2150E333-8FDC-42A3-9474-1A3956D46DE8}") = "Flags", "Flags", "{6ACEB25E-12B4-4333-BE26-972AE49F4519}"
	ProjectSection(SolutionItems) = preProject
		Resources\Flags\ad.png = Resources\Flags\ad.png
		Resources\Flags\ae.png = Resources\Flags\ae.png
		Resources\Flags\af.png = Resources\Flags\af.png
		Resources\Flags\ag.png = Resources\Flags\ag.png
		Resources\Flags\al.png = Resources\Flags\al.png
		Resources\Flags\am.png = Resources\Flags\am.png
		Resources\Flags\ao.png = Resources\Flags\ao.png
		Resources\Flags\ar.png = Resources\Flags\ar.png
		Resources\Flags\at.png = Resources\Flags\at.png
		Resources\Flags\au.png = Resources\Flags\au.png
		Resources\Flags\az.png = Resources\Flags\az.png
		Resources\Flags\ba.png = Resources\Flags\ba.png
		Resources\Flags\bb.png = Resources\Flags\bb.png
		Resources\Flags\bd.png = Resources\Flags\bd.png
		Resources\Flags\be.png = Resources\Flags\be.png
		Resources\Flags\bf.png = Resources\Flags\bf.png
		Resources\Flags\bg.png = Resources\Flags\bg.png
		Resources\Flags\bh.png = Resources\Flags\bh.png
		Resources\Flags\bi.png = Resources\Flags\bi.png
		Resources\Flags\bj.png = Resources\Flags\bj.png
		Resources\Flags\bn.png = Resources\Flags\bn.png
		Resources\Flags\bo.png = Resources\Flags\bo.png
		Resources\Flags\br.png = Resources\Flags\br.png
		Resources\Flags\bs.png = Resources\Flags\bs.png
		Resources\Flags\bt.png = Resources\Flags\bt.png
		Resources\Flags\bw.png = Resources\Flags\bw.png
		Resources\Flags\by.png = Resources\Flags\by.png
		Resources\Flags\bz.png = Resources\Flags\bz.png
		Resources\Flags\ca.png = Resources\Flags\ca.png
		Resources\Flags\cd.png = Resources\Flags\cd.png
		Resources\Flags\cf.png = Resources\Flags\cf.png
		Resources\Flags\cg.png = Resources\Flags\cg.png
		Resources\Flags\ch.png = Resources\Flags\ch.png
		Resources\Flags\ci.png = Resources\Flags\ci.png
		Resources\Flags\cl.png = Resources\Flags\cl.png
		Resources\Flags\cm.png = Resources\Flags\cm.png
		Resources\Flags\cn.png = Resources\Flags\cn.png
		Resources\Flags\co.png = Resources\Flags\co.png
		Resources\Flags\cr.png = Resources\Flags\cr.png
		Resources\Flags\cu.png = Resources\Flags\cu.png
		Resources\Flags\cv.png = Resources\Flags\cv.png
		Resources\Flags\cy.png = Resources\Flags\cy.png
		Resources\Flags\cz.png = Resources\Flags\cz.png
		Resources\Flags\de.png = Resources\Flags\de.png
		Resources\Flags\dj.png = Resources\Flags\dj.png
		Resources\Flags\dk.png = Resources\Flags\dk.png
		Resources\Flags\dm.png = Resources\Flags\dm.png
		Resources\Flags\do.png = Resources\Flags\do.png
		Resources\Flags\dz.png = Resources\Flags\dz.png
		Resources\Flags\ec.png = Resources\Flags\ec.png
		Resources\Flags\ee.png = Resources\Flags\ee.png
		Resources\Flags\eg.png = Resources\Flags\eg.png
		Resources\Flags\eh.png = Resources\Flags\eh.png
		Resources\Flags\er.png = Resources\Flags\er.png
		Resources\Flags\es.png = Resources\Flags\es.png
		Resources\Flags\et.png = Resources\Flags\et.png
		Resources\Flags\fi.png = Resources\Flags\fi.png
		Resources\Flags\fj.png = Resources\Flags\fj.png
		Resources\Flags\fm.png = Resources\Flags\fm.png
		Resources\Flags\fr.png = Resources\Flags\fr.png
		Resources\Flags\ga.png = Resources\Flags\ga.png
		Resources\Flags\gb.png = Resources\Flags\gb.png
		Resources\Flags\gd.png = Resources\Flags\gd.png
		Resources\Flags\ge.png = Resources\Flags\ge.png
		Resources\Flags\gh.png = Resources\Flags\gh.png
		Resources\Flags\gm.png = Resources\Flags\gm.png
		Resources\Flags\gn.png = Resources\Flags\gn.png
		Resources\Flags\gq.png = Resources\Flags\gq.png
		Resources\Flags\gr.png = Resources\Flags\gr.png
		Resources\Flags\gt.png = Resources\Flags\gt.png
		Resources\Flags\gw.png = Resources\Flags\gw.png
		Resources\Flags\gy.png = Resources\Flags\gy.png
		Resources\Flags\hn.png = Resources\Flags\hn.png
		Resources\Flags\hr.png = Resources\Flags\hr.png
		Resources\Flags\ht.png = Resources\Flags\ht.png
		Resources\Flags\hu.png = Resources\Flags\hu.png
		Resources\Flags\id.png = Resources\Flags\id.png
		Resources\Flags\ie.png = Resources\Flags\ie.png
		Resources\Flags\il.png = Resources\Flags\il.png
		Resources\Flags\in.png = Resources\Flags\in.png
		Resources\Flags\iq.png = Resources\Flags\iq.png
		Resources\Flags\ir.png = Resources\Flags\ir.png
		Resources\Flags\is.png = Resources\Flags\is.png
		Resources\Flags\it.png = Resources\Flags\it.png
		Resources\Flags\jm.png = Resources\Flags\jm.png
		Resources\Flags\jo.png = Resources\Flags\jo.png
		Resources\Flags\jp.png = Resources\Flags\jp.png
		Resources\Flags\ke.png = Resources\Flags\ke.png
		Resources\Flags\kg.png = Resources\Flags\kg.png
		Resources\Flags\kh.png = Resources\Flags\kh.png
		Resources\Flags\ki.png = Resources\Flags\ki.png
		Resources\Flags\km.png = Resources\Flags\km.png
		Resources\Flags\kn.png = Resources\Flags\kn.png
		Resources\Flags\kp.png = Resources\Flags\kp.png
		Resources\Flags\kr.png = Resources\Flags\kr.png
		Resources\Flags\ks.png = Resources\Flags\ks.png
		Resources\Flags\kw.png = Resources\Flags\kw.png
		Resources\Flags\kz.png = Resources\Flags\kz.png
		Resources\Flags\la.png = Resources\Flags\la.png
		Resources\Flags\lb.png = Resources\Flags\lb.png
		Resources\Flags\lc.png = Resources\Flags\lc.png
		Resources\Flags\li.png = Resources\Flags\li.png
		Resources\Flags\lk.png = Resources\Flags\lk.png
		Resources\Flags\lr.png = Resources\Flags\lr.png
		Resources\Flags\ls.png = Resources\Flags\ls.png
		Resources\Flags\lt.png = Resources\Flags\lt.png
		Resources\Flags\lu.png = Resources\Flags\lu.png
		Resources\Flags\lv.png = Resources\Flags\lv.png
		Resources\Flags\ly.png = Resources\Flags\ly.png
		Resources\Flags\ma.png = Resources\Flags\ma.png
		Resources\Flags\mc.png = Resources\Flags\mc.png
		Resources\Flags\md.png = Resources\Flags\md.png
		Resources\Flags\me.png = Resources\Flags\me.png
		Resources\Flags\mg.png = Resources\Flags\mg.png
		Resources\Flags\mh.png = Resources\Flags\mh.png
		Resources\Flags\mk.png = Resources\Flags\mk.png
		Resources\Flags\ml.png = Resources\Flags\ml.png
		Resources\Flags\mm.png = Resources\Flags\mm.png
		Resources\Flags\mn.png = Resources\Flags\mn.png
		Resources\Flags\mr.png = Resources\Flags\mr.png
		Resources\Flags\mt.png = Resources\Flags\mt.png
		Resources\Flags\mu.png = Resources\Flags\mu.png
		Resources\Flags\mv.png = Resources\Flags\mv.png
		Resources\Flags\mw.png = Resources\Flags\mw.png
		Resources\Flags\mx.png = Resources\Flags\mx.png
		Resources\Flags\my.png = Resources\Flags\my.png
		Resources\Flags\mz.png = Resources\Flags\mz.png
		Resources\Flags\na.png = Resources\Flags\na.png
		Resources\Flags\ne.png = Resources\Flags\ne.png
		Resources\Flags\ng.png = Resources\Flags\ng.png
		Resources\Flags\ni.png = Resources\Flags\ni.png
		Resources\Flags\nl.png = Resources\Flags\nl.png
		Resources\Flags\no.png = Resources\Flags\no.png
		Resources\Flags\np.png = Resources\Flags\np.png
		Resources\Flags\nr.png = Resources\Flags\nr.png
		Resources\Flags\nz.png = Resources\Flags\nz.png
		Resources\Flags\om.png = Resources\Flags\om.png
		Resources\Flags\pa.png = Resources\Flags\pa.png
		Resources\Flags\pe.png = Resources\Flags\pe.png
		Resources\Flags\pg.png = Resources\Flags\pg.png
		Resources\Flags\ph.png = Resources\Flags\ph.png
		Resources\Flags\pk.png = Resources\Flags\pk.png
		Resources\Flags\pl.png = Resources\Flags\pl.png
		Resources\Flags\pt.png = Resources\Flags\pt.png
		Resources\Flags\pw.png = Resources\Flags\pw.png
		Resources\Flags\py.png = Resources\Flags\py.png
		Resources\Flags\qa.png = Resources\Flags\qa.png
		Resources\Flags\ro.png = Resources\Flags\ro.png
		Resources\Flags\rs.png = Resources\Flags\rs.png
		Resources\Flags\ru.png = Resources\Flags\ru.png
		Resources\Flags\rw.png = Resources\Flags\rw.png
		Resources\Flags\sa.png = Resources\Flags\sa.png
		Resources\Flags\sb.png = Resources\Flags\sb.png
		Resources\Flags\sc.png = Resources\Flags\sc.png
		Resources\Flags\sd.png = Resources\Flags\sd.png
		Resources\Flags\se.png = Resources\Flags\se.png
		Resources\Flags\sg.png = Resources\Flags\sg.png
		Resources\Flags\si.png = Resources\Flags\si.png
		Resources\Flags\sk.png = Resources\Flags\sk.png
		Resources\Flags\sl.png = Resources\Flags\sl.png
		Resources\Flags\sm.png = Resources\Flags\sm.png
		Resources\Flags\sn.png = Resources\Flags\sn.png
		Resources\Flags\so.png = Resources\Flags\so.png
		Resources\Flags\sr.png = Resources\Flags\sr.png
		Resources\Flags\st.png = Resources\Flags\st.png
		Resources\Flags\sv.png = Resources\Flags\sv.png
		Resources\Flags\sy.png = Resources\Flags\sy.png
		Resources\Flags\sz.png = Resources\Flags\sz.png
		Resources\Flags\td.png = Resources\Flags\td.png
		Resources\Flags\tg.png = Resources\Flags\tg.png
		Resources\Flags\th.png = Resources\Flags\th.png
		Resources\Flags\tj.png = Resources\Flags\tj.png
		Resources\Flags\tl.png = Resources\Flags\tl.png
		Resources\Flags\tm.png = Resources\Flags\tm.png
		Resources\Flags\tn.png = Resources\Flags\tn.png
		Resources\Flags\to.png = Resources\Flags\to.png
		Resources\Flags\tr.png = Resources\Flags\tr.png
		Resources\Flags\tt.png = Resources\Flags\tt.png
		Resources\Flags\tv.png = Resources\Flags\tv.png
		Resources\Flags\tw.png = Resources\Flags\tw.png
		Resources\Flags\tz.png = Resources\Flags\tz.png
		Resources\Flags\ua.png = Resources\Flags\ua.png
		Resources\Flags\ug.png = Resources\Flags\ug.png
		Resources\Flags\us.png = Resources\Flags\us.png
		Resources\Flags\uy.png = Resources\Flags\uy.png
		Resources\Flags\uz.png = Resources\Flags\uz.png
		Resources\Flags\va.png = Resources\Flags\va.png
		Resources\Flags\vc.png = Resources\Flags\vc.png
		Resources\Flags\ve.png = Resources\Flags\ve.png
		Resources\Flags\vn.png = Resources\Flags\vn.png
		Resources\Flags\vu.png = Resources\Flags\vu.png
		Resources\Flags\ws.png = Resources\Flags\ws.png
		Resources\Flags\ye.png = Resources\Flags\ye.png
		Resources\Flags\za.png = Resources\Flags\za.png
		Resources\Flags\zm.png = Resources\Flags\zm.png
		Resources\Flags\zw.png = Resources\Flags\zw.png
	EndProjectSection
EndProject
Project("{FAE04EC0-301F-11D3-BF4B-00C04F79EFBC}") = "Switchboard", "Haidenban\Switchboard.csproj", "{D6787476-7461-49E0-AD2E-8A90FD8D92F3}"
EndProject
Project("{FAE04EC0-301F-11D3-BF4B-00C04F79EFBC}") = "App Starter", "App Starter\App Starter.csproj", "{4DE7F9E4-AA07-4185-8D94-724F04707F55}"
EndProject
Project("{FAE04EC0-301F-11D3-BF4B-00C04F79EFBC}") = "Kiosk", "Kiosk\Kiosk.csproj", "{7709B3B7-A25C-4020-821E-0D02E3E330AC}"
EndProject
Project("{2150E333-8FDC-42A3-9474-1A3956D46DE8}") = "Web", "Web", "{95C3E962-4A8A-4066-90E7-E8BA84A71539}"
EndProject
Project("{2150E333-8FDC-42A3-9474-1A3956D46DE8}") = "Service", "Service", "{8E8B2F59-A84D-42A4-84DB-F07112111DEF}"
EndProject
Project("{2150E333-8FDC-42A3-9474-1A3956D46DE8}") = "Utils", "Utils", "{3A02B91B-BBB6-45BC-9FA7-2D83D35292C5}"
EndProject
Project("{FAE04EC0-301F-11D3-BF4B-00C04F79EFBC}") = "WillissConverter", "WillissConverter\WillissConverter.csproj", "{AA59975C-D160-45E0-B902-72922F8CEF13}"
EndProject
Project("{FAE04EC0-301F-11D3-BF4B-00C04F79EFBC}") = "Judo Scoreboard", "Judo Scoreboard\Judo Scoreboard.csproj", "{F0922ABD-2C9C-46EE-BD90-30025C0B9C0F}"
EndProject
Project("{2150E333-8FDC-42A3-9474-1A3956D46DE8}") = "Comms", "Comms", "{3EBCFD5F-F713-46EF-8002-40E28B653011}"
EndProject
Project("{FAE04EC0-301F-11D3-BF4B-00C04F79EFBC}") = "ClientServer", "C:\Users\windo\OneDrive\Personal\Development\Comms\ClientServer\ClientServer.csproj", "{CA4910C0-039B-4EDA-A19B-941D4FC671E6}"
EndProject
Project("{FAE04EC0-301F-11D3-BF4B-00C04F79EFBC}") = "Interface", "C:\Users\windo\OneDrive\Personal\Development\Comms\Interface\Interface.csproj", "{84CDA068-184C-44D4-9E89-0C81A88AF3AC}"
EndProject
Global
	GlobalSection(SolutionConfigurationPlatforms) = preSolution
		Debug|Any CPU = Debug|Any CPU
		Release|Any CPU = Release|Any CPU
	EndGlobalSection
	GlobalSection(ProjectConfigurationPlatforms) = postSolution
		{D7A5C9E1-787F-49C2-A797-9906D61FE0C1}.Debug|Any CPU.ActiveCfg = Debug|Any CPU
		{D7A5C9E1-787F-49C2-A797-9906D61FE0C1}.Debug|Any CPU.Build.0 = Debug|Any CPU
		{D7A5C9E1-787F-49C2-A797-9906D61FE0C1}.Release|Any CPU.ActiveCfg = Release|Any CPU
		{D7A5C9E1-787F-49C2-A797-9906D61FE0C1}.Release|Any CPU.Build.0 = Release|Any CPU
		{1265A275-9C94-4737-B780-9C378F3651D4}.Debug|Any CPU.ActiveCfg = Debug|Any CPU
		{1265A275-9C94-4737-B780-9C378F3651D4}.Debug|Any CPU.Build.0 = Debug|Any CPU
		{1265A275-9C94-4737-B780-9C378F3651D4}.Release|Any CPU.ActiveCfg = Release|Any CPU
		{1265A275-9C94-4737-B780-9C378F3651D4}.Release|Any CPU.Build.0 = Release|Any CPU
		{E02FF50B-DE1D-47A9-B44A-B3A33FE6683A}.Debug|Any CPU.ActiveCfg = Debug|Any CPU
		{E02FF50B-DE1D-47A9-B44A-B3A33FE6683A}.Debug|Any CPU.Build.0 = Debug|Any CPU
		{E02FF50B-DE1D-47A9-B44A-B3A33FE6683A}.Release|Any CPU.ActiveCfg = Release|Any CPU
		{E02FF50B-DE1D-47A9-B44A-B3A33FE6683A}.Release|Any CPU.Build.0 = Release|Any CPU
		{63EF181D-3EB5-4CB7-AB2C-0CAD1B2ADFB8}.Debug|Any CPU.ActiveCfg = Debug|Any CPU
		{63EF181D-3EB5-4CB7-AB2C-0CAD1B2ADFB8}.Debug|Any CPU.Build.0 = Debug|Any CPU
		{63EF181D-3EB5-4CB7-AB2C-0CAD1B2ADFB8}.Release|Any CPU.ActiveCfg = Release|Any CPU
		{63EF181D-3EB5-4CB7-AB2C-0CAD1B2ADFB8}.Release|Any CPU.Build.0 = Release|Any CPU
		{D6787476-7461-49E0-AD2E-8A90FD8D92F3}.Debug|Any CPU.ActiveCfg = Debug|Any CPU
		{D6787476-7461-49E0-AD2E-8A90FD8D92F3}.Debug|Any CPU.Build.0 = Debug|Any CPU
		{D6787476-7461-49E0-AD2E-8A90FD8D92F3}.Release|Any CPU.ActiveCfg = Release|Any CPU
		{D6787476-7461-49E0-AD2E-8A90FD8D92F3}.Release|Any CPU.Build.0 = Release|Any CPU
		{4DE7F9E4-AA07-4185-8D94-724F04707F55}.Debug|Any CPU.ActiveCfg = Debug|Any CPU
		{4DE7F9E4-AA07-4185-8D94-724F04707F55}.Debug|Any CPU.Build.0 = Debug|Any CPU
		{4DE7F9E4-AA07-4185-8D94-724F04707F55}.Release|Any CPU.ActiveCfg = Release|Any CPU
		{4DE7F9E4-AA07-4185-8D94-724F04707F55}.Release|Any CPU.Build.0 = Release|Any CPU
		{7709B3B7-A25C-4020-821E-0D02E3E330AC}.Debug|Any CPU.ActiveCfg = Debug|Any CPU
		{7709B3B7-A25C-4020-821E-0D02E3E330AC}.Debug|Any CPU.Build.0 = Debug|Any CPU
		{7709B3B7-A25C-4020-821E-0D02E3E330AC}.Release|Any CPU.ActiveCfg = Release|Any CPU
		{7709B3B7-A25C-4020-821E-0D02E3E330AC}.Release|Any CPU.Build.0 = Release|Any CPU
		{AA59975C-D160-45E0-B902-72922F8CEF13}.Debug|Any CPU.ActiveCfg = Debug|Any CPU
		{AA59975C-D160-45E0-B902-72922F8CEF13}.Debug|Any CPU.Build.0 = Debug|Any CPU
		{AA59975C-D160-45E0-B902-72922F8CEF13}.Release|Any CPU.ActiveCfg = Release|Any CPU
		{AA59975C-D160-45E0-B902-72922F8CEF13}.Release|Any CPU.Build.0 = Release|Any CPU
		{F0922ABD-2C9C-46EE-BD90-30025C0B9C0F}.Debug|Any CPU.ActiveCfg = Debug|Any CPU
		{F0922ABD-2C9C-46EE-BD90-30025C0B9C0F}.Debug|Any CPU.Build.0 = Debug|Any CPU
		{F0922ABD-2C9C-46EE-BD90-30025C0B9C0F}.Release|Any CPU.ActiveCfg = Release|Any CPU
		{F0922ABD-2C9C-46EE-BD90-30025C0B9C0F}.Release|Any CPU.Build.0 = Release|Any CPU
		{CA4910C0-039B-4EDA-A19B-941D4FC671E6}.Debug|Any CPU.ActiveCfg = Debug|Any CPU
		{CA4910C0-039B-4EDA-A19B-941D4FC671E6}.Debug|Any CPU.Build.0 = Debug|Any CPU
		{CA4910C0-039B-4EDA-A19B-941D4FC671E6}.Release|Any CPU.ActiveCfg = Release|Any CPU
		{CA4910C0-039B-4EDA-A19B-941D4FC671E6}.Release|Any CPU.Build.0 = Release|Any CPU
		{84CDA068-184C-44D4-9E89-0C81A88AF3AC}.Debug|Any CPU.ActiveCfg = Debug|Any CPU
		{84CDA068-184C-44D4-9E89-0C81A88AF3AC}.Debug|Any CPU.Build.0 = Debug|Any CPU
		{84CDA068-184C-44D4-9E89-0C81A88AF3AC}.Release|Any CPU.ActiveCfg = Release|Any CPU
		{84CDA068-184C-44D4-9E89-0C81A88AF3AC}.Release|Any CPU.Build.0 = Release|Any CPU
	EndGlobalSection
	GlobalSection(SolutionProperties) = preSolution
		HideSolutionNode = FALSE
	EndGlobalSection
	GlobalSection(NestedProjects) = preSolution
		{E02FF50B-DE1D-47A9-B44A-B3A33FE6683A} = {3601E47A-CEF7-4580-9168-BF574AAF80F8}
		{5C69B948-E171-4A2E-BFB3-17C3D0B391B6} = {5977F10B-C393-4A82-BD1C-5F2B80F3AD23}
		{63EF181D-3EB5-4CB7-AB2C-0CAD1B2ADFB8} = {3601E47A-CEF7-4580-9168-BF574AAF80F8}
		{A1E1CAD9-CB0B-4847-9FD4-ACDBA3F03699} = {B27C6A6E-41CC-4871-9AB5-B71ED349FBB3}
		{15C64140-EAFD-4456-8007-B02F139B36A4} = {B27C6A6E-41CC-4871-9AB5-B71ED349FBB3}
		{EEDBA6E8-E557-44B5-9701-066C8D5ED89F} = {B27C6A6E-41CC-4871-9AB5-B71ED349FBB3}
		{34807BFE-46EF-473D-B5D5-0A85E0F41426} = {5977F10B-C393-4A82-BD1C-5F2B80F3AD23}
		{6ACEB25E-12B4-4333-BE26-972AE49F4519} = {5C69B948-E171-4A2E-BFB3-17C3D0B391B6}
		{D6787476-7461-49E0-AD2E-8A90FD8D92F3} = {B27C6A6E-41CC-4871-9AB5-B71ED349FBB3}
		{4DE7F9E4-AA07-4185-8D94-724F04707F55} = {8E8B2F59-A84D-42A4-84DB-F07112111DEF}
		{7709B3B7-A25C-4020-821E-0D02E3E330AC} = {B27C6A6E-41CC-4871-9AB5-B71ED349FBB3}
		{AA59975C-D160-45E0-B902-72922F8CEF13} = {3A02B91B-BBB6-45BC-9FA7-2D83D35292C5}
		{F0922ABD-2C9C-46EE-BD90-30025C0B9C0F} = {B27C6A6E-41CC-4871-9AB5-B71ED349FBB3}
		{CA4910C0-039B-4EDA-A19B-941D4FC671E6} = {3EBCFD5F-F713-46EF-8002-40E28B653011}
		{84CDA068-184C-44D4-9E89-0C81A88AF3AC} = {3EBCFD5F-F713-46EF-8002-40E28B653011}
	EndGlobalSection
	GlobalSection(ExtensibilityGlobals) = postSolution
		SolutionGuid = {18B4E5A8-F51A-4C81-AFB8-8BA9FF651B04}
	EndGlobalSection
EndGlobal
